# THIS IS AN AUTOGENERATED FILE. DO NOT EDIT THIS FILE DIRECTLY.
# yarn lockfile v1


"@remix-run/router@1.0.4":
  version "1.0.4"
  resolved "https://registry.yarnpkg.com/@remix-run/router/-/router-1.0.4.tgz#cbfbec6735711e7c2fc93b9b40adf70ef5a39990"
  integrity sha512-gTL8H5USTAKOyVA4xczzDJnC3HMssdFa3tRlwBicXynx9XfiXwneHnYQogwSKpdCkjXISrEKSTtX62rLpNEVQg==

chart.js@^4.0.1:
  version "4.0.1"
  resolved "https://registry.yarnpkg.com/chart.js/-/chart.js-4.0.1.tgz#93d5d50ac222a5b3b6ac7488e82e1553ac031592"
  integrity sha512-5/8/9eBivwBZK81mKvmIwTb2Pmw4D/5h1RK9fBWZLLZ8mCJ+kfYNmV9rMrGoa5Hgy2/wVDBMLSUDudul2/9ihA==

react-chartjs-2@^5.0.1:
  version "5.0.1"
  resolved "https://registry.yarnpkg.com/react-chartjs-2/-/react-chartjs-2-5.0.1.tgz#7ef7dd57441903e8d34e1d06a1aead1095d0bca8"
  integrity sha512-u38C9OxynlNCBp+79grgXRs7DSJ9w8FuQ5/HO5FbYBbri8HSZW+9SWgjVshLkbXBfXnMGWakbHEtvN0nL2UG7Q==

react-router-dom@^6.4.4:
  version "6.4.4"
  resolved "https://registry.yarnpkg.com/react-router-dom/-/react-router-dom-6.4.4.tgz#4271ec66333c440d1754477e4e6a3a5acb5487f8"
  integrity sha512-0Axverhw5d+4SBhLqLpzPhNkmv7gahUwlUVIOrRLGJ4/uwt30JVajVJXqv2Qr/LCwyvHhQc7YyK1Do8a9Jj7qA==
  dependencies:
    "@remix-run/router" "1.0.4"
    react-router "6.4.4"

react-router@6.4.4:
  version "6.4.4"
  resolved "https://registry.yarnpkg.com/react-router/-/react-router-6.4.4.tgz#8e7794f55ccc7050cb03937c87ff3720ce9f8b60"
  integrity sha512-SA6tSrUCRfuLWeYsTJDuriRqfFIsrSvuH7SqAJHegx9ZgxadE119rU8oOX/rG5FYEthpdEaEljdjDlnBxvfr+Q==
  dependencies:
    "@remix-run/router" "1.0.4"
